// !$*UTF8*$!
{
	archiveVersion = 1;
	classes = {
	};
	objectVersion = 50;
	objects = {

/* Begin PBXBuildFile section */
		2ADED7DB23C67B09007C4426 /* AppDelegate.swift in Sources */ = {isa = PBXBuildFile; fileRef = 2ADED7DA23C67B09007C4426 /* AppDelegate.swift */; };
		2ADED7DD23C67B09007C4426 /* SceneDelegate.swift in Sources */ = {isa = PBXBuildFile; fileRef = 2ADED7DC23C67B09007C4426 /* SceneDelegate.swift */; };
		2ADED7DF23C67B09007C4426 /* ViewController.swift in Sources */ = {isa = PBXBuildFile; fileRef = 2ADED7DE23C67B09007C4426 /* ViewController.swift */; };
		2ADED7E223C67B09007C4426 /* Main.storyboard in Resources */ = {isa = PBXBuildFile; fileRef = 2ADED7E023C67B09007C4426 /* Main.storyboard */; };
		2ADED7E423C67B0C007C4426 /* Assets.xcassets in Resources */ = {isa = PBXBuildFile; fileRef = 2ADED7E323C67B0C007C4426 /* Assets.xcassets */; };
		2ADED7E723C67B0C007C4426 /* LaunchScreen.storyboard in Resources */ = {isa = PBXBuildFile; fileRef = 2ADED7E523C67B0C007C4426 /* LaunchScreen.storyboard */; };
/* End PBXBuildFile section */

/* Begin PBXFileReference section */
		2ADED7D723C67B09007C4426 /* User Notification using StoryBoard.app */ = {isa = PBXFileReference; explicitFileType = wrapper.application; includeInIndex = 0; path = "User Notification using StoryBoard.app"; sourceTree = BUILT_PRODUCTS_DIR; };
		2ADED7DA23C67B09007C4426 /* AppDelegate.swift */ = {isa = PBXFileReference; lastKnownFileType = sourcecode.swift; path = AppDelegate.swift; sourceTree = "<group>"; };
		2ADED7DC23C67B09007C4426 /* SceneDelegate.swift */ = {isa = PBXFileReference; lastKnownFileType = sourcecode.swift; path = SceneDelegate.swift; sourceTree = "<group>"; };
		2ADED7DE23C67B09007C4426 /* ViewController.swift */ = {isa = PBXFileReference; lastKnownFileType = sourcecode.swift; path = ViewController.swift; sourceTree = "<group>"; };
		2ADED7E123C67B09007C4426 /* Base */ = {isa = PBXFileReference; lastKnownFileType = file.storyboard; name = Base; path = Base.lproj/Main.storyboard; sourceTree = "<group>"; };
		2ADED7E323C67B0C007C4426 /* Assets.xcassets */ = {isa = PBXFileReference; lastKnownFileType = folder.assetcatalog; path = Assets.xcassets; sourceTree = "<group>"; };
		2ADED7E623C67B0C007C4426 /* Base */ = {isa = PBXFileReference; lastKnownFileType = file.storyboard; name = Base; path = Base.lproj/LaunchScreen.storyboard; sourceTree = "<group>"; };
		2ADED7E823C67B0C007C4426 /* Info.plist */ = {isa = PBXFileReference; lastKnownFileType = text.plist.xml; path = Info.plist; sourceTree = "<group>"; };
/* End PBXFileReference section */

/* Begin PBXFrameworksBuildPhase section */
		2ADED7D423C67B09007C4426 /* Frameworks */ = {
			isa = PBXFrameworksBuildPhase;
			buildActionMask = 2147483647;
			files = (
			);
			runOnlyForDeploymentPostprocessing = 0;
		};
/* End PBXFrameworksBuildPhase section */

/* Begin PBXGroup section */
		2ADED7CE23C67B09007C4426 = {
			isa = PBXGroup;
			children = (
				2ADED7D923C67B09007C4426 /* User Notification using StoryBoard */,
				2ADED7D823C67B09007C4426 /* Products */,
			);
			sourceTree = "<group>";
		};
		2ADED7D823C67B09007C4426 /* Products */ = {
			isa = PBXGroup;
			children = (
				2ADED7D723C67B09007C4426 /* User Notification using StoryBoard.app */,
			);
			name = Products;
			sourceTree = "<group>";
		};
		2ADED7D923C67B09007C4426 /* User Notification using StoryBoard */ = {
			isa = PBXGroup;
			children = (
				2ADED7DA23C67B09007C4426 /* AppDelegate.swift */,
				2ADED7DC23C67B09007C4426 /* SceneDelegate.swift */,
				2ADED7DE23C67B09007C4426 /* ViewController.swift */,
				2ADED7E023C67B09007C4426 /* Main.storyboard */,
				2ADED7E323C67B0C007C4426 /* Assets.xcassets */,
				2ADED7E523C67B0C007C4426 /* LaunchScreen.storyboard */,
				2ADED7E823C67B0C007C4426 /* Info.plist */,
			);
			path = "User Notification using StoryBoard";
			sourceTree = "<group>";
		};
/* End PBXGroup section */

/* Begin PBXNativeTarget section */
		2ADED7D623C67B09007C4426 /* User Notification using StoryBoard */ = {
			isa = PBXNativeTarget;
			buildConfigurationList = 2ADED7EB23C67B0C007C4426 /* Build configuration list for PBXNativeTarget "User Notification using StoryBoard" */;
			buildPhases = (
				2ADED7D323C67B09007C4426 /* Sources */,
				2ADED7D423C67B09007C4426 /* Frameworks */,
				2ADED7D523C67B09007C4426 /* Resources */,
			);
			buildRules = (
			);
			dependencies = (
			);
			name = "User Notification using StoryBoard";
			productName = "User Notification using StoryBoard";
			productReference = 2ADED7D723C67B09007C4426 /* User Notification using StoryBoard.app */;
			productType = "com.apple.product-type.application";
		};
/* End PBXNativeTarget section */

/* Begin PBXProject section */
		2ADED7CF23C67B09007C4426 /* Project object */ = {
			isa = PBXProject;
			attributes = {
				LastSwiftUpdateCheck = 1110;
				LastUpgradeCheck = 1110;
				ORGANIZATIONNAME = "Md Khaled Hasan Manna";
				TargetAttributes = {
					2ADED7D623C67B09007C4426 = {
						CreatedOnToolsVersion = 11.1;
					};
				};
			};
			buildConfigurationList = 2ADED7D223C67B09007C4426 /* Build configuration list for PBXProject "User Notification using StoryBoard" */;
			compatibilityVersion = "Xcode 9.3";
			developmentRegion = en;
			hasScannedForEncodings = 0;
			knownRegions = (
				en,
				Base,
			);
			mainGroup = 2ADED7CE23C67B09007C4426;
			productRefGroup = 2ADED7D823C67B09007C4426 /* Products */;
			projectDirPath = "";
			projectRoot = "";
			targets = (
				2ADED7D623C67B09007C4426 /* User Notification using StoryBoard */,
			);
		};
/* End PBXProject section */

/* Begin PBXResourcesBuildPhase section */
		2ADED7D523C67B09007C4426 /* Resources */ = {
			isa = PBXResourcesBuildPhase;
			buildActionMask = 2147483647;
			files = (
				2ADED7E723C67B0C007C4426 /* LaunchScreen.storyboard in Resources */,
				2ADED7E423C67B0C007C4426 /* Assets.xcassets in Resources */,
				2ADED7E223C67B09007C4426 /* Main.storyboard in Resources */,
			);
			runOnlyForDeploymentPostprocessing = 0;
		};
/* End PBXResourcesBuildPhase section */

/* Begin PBXSourcesBuildPhase section */
		2ADED7D323C67B09007C4426 /* Sources */ = {
			isa = PBXSourcesBuildPhase;
			buildActionMask = 2147483647;
			files = (
				2ADED7DF23C67B09007C4426 /* ViewController.swift in Sources */,
				2ADED7DB23C67B09007C4426 /* AppDelegate.swift in Sources */,
				2ADED7DD23C67B09007C4426 /* SceneDelegate.swift in Sources */,
			);
			runOnlyForDeploymentPostprocessing = 0;
		};
/* End PBXSourcesBuildPhase section */

/* Begin PBXVariantGroup section */
		2ADED7E023C67B09007C4426 /* Main.storyboard */ = {
			isa = PBXVariantGroup;
			children = (
				2ADED7E123C67B09007C4426 /* Base */,
			);
			name = Main.storyboard;
			sourceTree = "<group>";
		};
		2ADED7E523C67B0C007C4426 /* LaunchScreen.storyboard */ = {
			isa = PBXVariantGroup;
			children = (
				2ADED7E623C67B0C007C4426 /* Base */,
			);
			name = LaunchScreen.storyboard;
			sourceTree = "<group>";
		};
/* End PBXVariantGroup section */

/* Begin XCBuildConfiguration section */
		2ADED7E923C67B0C007C4426 /* Debug */ = {
			isa = XCBuildConfiguration;
			buildSettings = {
				ALWAYS_SEARCH_USER_PATHS = NO;
				CLANG_ANALYZER_NONNULL = YES;
				CLANG_ANALYZER_NUMBER_OBJECT_CONVERSION = YES_AGGRESSIVE;
				CLANG_CXX_LANGUAGE_STANDARD = "gnu++14";
				CLANG_CXX_LIBRARY = "libc++";
				CLANG_ENABLE_MODULES = YES;
				CLANG_ENABLE_OBJC_ARC = YES;
				CLANG_ENABLE_OBJC_WEAK = YES;
				CLANG_WARN_BLOCK_CAPTURE_AUTORELEASING = YES;
				CLANG_WARN_BOOL_CONVERSION = YES;
				CLANG_WARN_COMMA = YES;
				CLANG_WARN_CONSTANT_CONVERSION = YES;
				CLANG_WARN_DEPRECATED_OBJC_IMPLEMENTATIONS = YES;
				CLANG_WARN_DIRECT_OBJC_ISA_USAGE = YES_ERROR;
				CLANG_WARN_DOCUMENTATION_COMMENTS = YES;
				CLANG_WARN_EMPTY_BODY = YES;
				CLANG_WARN_ENUM_CONVERSION = YES;
				CLANG_WARN_INFINITE_RECURSION = YES;
				CLANG_WARN_INT_CONVERSION = YES;
				CLANG_WARN_NON_LITERAL_NULL_CONVERSION = YES;
				CLANG_WARN_OBJC_IMPLICIT_RETAIN_SELF = YES;
				CLANG_WARN_OBJC_LITERAL_CONVERSION = YES;
				CLANG_WARN_OBJC_ROOT_CLASS = YES_ERROR;
				CLANG_WARN_RANGE_LOOP_ANALYSIS = YES;
				CLANG_WARN_STRICT_PROTOTYPES = YES;
				CLANG_WARN_SUSPICIOUS_MOVE = YES;
				CLANG_WARN_UNGUARDED_AVAILABILITY = YES_AGGRESSIVE;
				CLANG_WARN_UNREACHABLE_CODE = YES;
				CLANG_WARN__DUPLICATE_METHOD_MATCH = YES;
				COPY_PHASE_STRIP = NO;
				DEBUG_INFORMATION_FORMAT = dwarf;
				ENABLE_STRICT_OBJC_MSGSEND = YES;
				ENABLE_TESTABILITY = YES;
				GCC_C_LANGUAGE_STANDARD = gnu11;
				GCC_DYNAMIC_NO_PIC = NO;
				GCC_NO_COMMON_BLOCKS = YES;
				GCC_OPTIMIZATION_LEVEL = 0;
				GCC_PREPROCESSOR_DEFINITIONS = (
					"DEBUG=1",
					"$(inherited)",
				);
				GCC_WARN_64_TO_32_BIT_CONVERSION = YES;
				GCC_WARN_ABOUT_RETURN_TYPE = YES_ERROR;
				GCC_WARN_UNDECLARED_SELECTOR = YES;
				GCC_WARN_UNINITIALIZED_AUTOS = YES_AGGRESSIVE;
				GCC_WARN_UNUSED_FUNCTION = YES;
				GCC_WARN_UNUSED_VARIABLE = YES;
				IPHONEOS_DEPLOYMENT_TARGET = 13.1;
				MTL_ENABLE_DEBUG_INFO = INCLUDE_SOURCE;
				MTL_FAST_MATH = YES;
				ONLY_ACTIVE_ARCH = YES;
				SDKROOT = iphoneos;
				SWIFT_ACTIVE_COMPILATION_CONDITIONS = DEBUG;
				SWIFT_OPTIMIZATION_LEVEL = "-Onone";
			};
			name = Debug;
		};
		2ADED7EA23C67B0C007C4426 /* Release */ = {
			isa = XCBuildConfiguration;
			buildSettings = {
				ALWAYS_SEARCH_USER_PATHS = NO;
				CLANG_ANALYZER_NONNULL = YES;
				CLANG_ANALYZER_NUMBER_OBJECT_CONVERSION = YES_AGGRESSIVE;
				CLANG_CXX_LANGUAGE_STANDARD = "gnu++14";
				CLANG_CXX_LIBRARY = "libc++";
				CLANG_ENABLE_MODULES = YES;
				CLANG_ENABLE_OBJC_ARC = YES;
				CLANG_ENABLE_OBJC_WEAK = YES;
				CLANG_WARN_BLOCK_CAPTURE_AUTORELEASING = YES;
				CLANG_WARN_BOOL_CONVERSION = YES;
				CLANG_WARN_COMMA = YES;
				CLANG_WARN_CONSTANT_CONVERSION = YES;
				CLANG_WARN_DEPRECATED_OBJC_IMPLEMENTATIONS = YES;
				CLANG_WARN_DIRECT_OBJC_ISA_USAGE = YES_ERROR;
				CLANG_WARN_DOCUMENTATION_COMMENTS = YES;
				CLANG_WARN_EMPTY_BODY = YES;
				CLANG_WARN_ENUM_CONVERSION = YES;
				CLANG_WARN_INFINITE_RECURSION = YES;
				CLANG_WARN_INT_CONVERSION = YES;
				CLANG_WARN_NON_LITERAL_NULL_CONVERSION = YES;
				CLANG_WARN_OBJC_IMPLICIT_RETAIN_SELF = YES;
				CLANG_WARN_OBJC_LITERAL_CONVERSION = YES;
				CLANG_WARN_OBJC_ROOT_CLASS = YES_ERROR;
				CLANG_WARN_RANGE_LOOP_ANALYSIS = YES;
				CLANG_WARN_STRICT_PROTOTYPES = YES;
				CLANG_WARN_SUSPICIOUS_MOVE = YES;
				CLANG_WARN_UNGUARDED_AVAILABILITY = YES_AGGRESSIVE;
				CLANG_WARN_UNREACHABLE_CODE = YES;
				CLANG_WARN__DUPLICATE_METHOD_MATCH = YES;
				COPY_PHASE_STRIP = NO;
				DEBUG_INFORMATION_FORMAT = "dwarf-with-dsym";
				ENABLE_NS_ASSERTIONS = NO;
				ENABLE_STRICT_OBJC_MSGSEND = YES;
				GCC_C_LANGUAGE_STANDARD = gnu11;
				GCC_NO_COMMON_BLOCKS = YES;
				GCC_WARN_64_TO_32_BIT_CONVERSION = YES;
				GCC_WARN_ABOUT_RETURN_TYPE = YES_ERROR;
				GCC_WARN_UNDECLARED_SELECTOR = YES;
				GCC_WARN_UNINITIALIZED_AUTOS = YES_AGGRESSIVE;
				GCC_WARN_UNUSED_FUNCTION = YES;
				GCC_WARN_UNUSED_VARIABLE = YES;
				IPHONEOS_DEPLOYMENT_TARGET = 13.1;
				MTL_ENABLE_DEBUG_INFO = NO;
				MTL_FAST_MATH = YES;
				SDKROOT = iphoneos;
				SWIFT_COMPILATION_MODE = wholemodule;
				SWIFT_OPTIMIZATION_LEVEL = "-O";
				VALIDATE_PRODUCT = YES;
			};
			name = Release;
		};
		2ADED7EC23C67B0C007C4426 /* Debug */ = {
			isa = XCBuildConfiguration;
			buildSettings = {
				ASSETCATALOG_COMPILER_APPICON_NAME = AppIcon;
				CODE_SIGN_STYLE = Automatic;
				DEVELOPMENT_TEAM = MKCXG9MS9M;
				INFOPLIST_FILE = "User Notification using StoryBoard/Info.plist";
				LD_RUNPATH_SEARCH_PATHS = (
					"$(inherited)",
					"@executable_path/Frameworks",
				);
				PRODUCT_BUNDLE_IDENTIFIER = "com.ict.manna.User-Notification-using-StoryBoard";
				PRODUCT_NAME = "$(TARGET_NAME)";
				SWIFT_VERSION = 5.0;
				TARGETED_DEVICE_FAMILY = "1,2";
			};
			name = Debug;
		};
		2ADED7ED23C67B0C007C4426 /* Release */ = {
			isa = XCBuildConfiguration;
			buildSettings = {
				ASSETCATALOG_COMPILER_APPICON_NAME = AppIcon;
				CODE_SIGN_STYLE = Automatic;
				DEVELOPMENT_TEAM = MKCXG9MS9M;
				INFOPLIST_FILE = "User Notification using StoryBoard/Info.plist";
				LD_RUNPATH_SEARCH_PATHS = (
					"$(inherited)",
					"@executable_path/Frameworks",
				);
				PRODUCT_BUNDLE_IDENTIFIER = "com.ict.manna.User-Notification-using-StoryBoard";
				PRODUCT_NAME = "$(TARGET_NAME)";
				SWIFT_VERSION = 5.0;
				TARGETED_DEVICE_FAMILY = "1,2";
			};
			name = Release;
		};
/* End XCBuildConfiguration section */

/* Begin XCConfigurationList section */
		2ADED7D223C67B09007C4426 /* Build configuration list for PBXProject "User Notification using StoryBoard" */ = {
			isa = XCConfigurationList;
			buildConfigurations = (
				2ADED7E923C67B0C007C4426 /* Debug */,
				2ADED7EA23C67B0C007C4426 /* Release */,
			);
			defaultConfigurationIsVisible = 0;
			defaultConfigurationName = Release;
		};
		2ADED7EB23C67B0C007C4426 /* Build configuration list for PBXNativeTarget "User Notification using StoryBoard" */ = {
			isa = XCConfigurationList;
			buildConfigurations = (
				2ADED7EC23C67B0C007C4426 /* Debug */,
				2ADED7ED23C67B0C007C4426 /* Release */,
			);
			defaultConfigurationIsVisible = 0;
			defaultConfigurationName = Release;
		};
/* End XCConfigurationList section */
	};
	rootObject = 2ADED7CF23C67B09007C4426 /* Project object */;
}
